dependencies:
- name: loki
  repository: https://grafana.github.io/helm-charts
  version: 2.12.1
- name: promtail
  repository: https://grafana.github.io/helm-charts
  version: 3.11.0
- name: fluent-bit
  repository: https://grafana.github.io/helm-charts
  version: 2.3.1
- name: grafana
  repository: https://grafana.github.io/helm-charts
  version: 6.24.1
- name: prometheus
  repository: https://prometheus-community.github.io/helm-charts
  version: 15.5.4
- name: filebeat
  repository: https://helm.elastic.co
  version: 7.17.3
- name: logstash
  repository: https://helm.elastic.co
  version: 7.17.3
digest: sha256:cd100a8f8c258d1d3a0aa13bbee0e545a372db4ab23fe004379551a83e97572a
generated: "2022-06-17T14:51:49.179172601Z"
